// !$*UTF8*$!
{
	archiveVersion = 1;
	classes = {
	};
	objectVersion = 46;
	objects = {

/* Begin PBXBuildFile section */
		AC5B2CD91C4D22A300765FF8 /* KMCGeigerCounter.m in Sources */ = {isa = PBXBuildFile; fileRef = AC5B2CD71C4D22A300765FF8 /* KMCGeigerCounter.m */; };
		AC5B2CDA1C4D22A300765FF8 /* KMCGeigerCounterTick.aiff in Resources */ = {isa = PBXBuildFile; fileRef = AC5B2CD81C4D22A300765FF8 /* KMCGeigerCounterTick.aiff */; };
		AC64975C1C4C465400B9682B /* AppDelegate.swift in Sources */ = {isa = PBXBuildFile; fileRef = AC64975B1C4C465400B9682B /* AppDelegate.swift */; };
		AC64975E1C4C465400B9682B /* ViewController.swift in Sources */ = {isa = PBXBuildFile; fileRef = AC64975D1C4C465400B9682B /* ViewController.swift */; };
		AC6497611C4C465400B9682B /* Main.storyboard in Resources */ = {isa = PBXBuildFile; fileRef = AC64975F1C4C465400B9682B /* Main.storyboard */; };
		AC6497631C4C465400B9682B /* Assets.xcassets in Resources */ = {isa = PBXBuildFile; fileRef = AC6497621C4C465400B9682B /* Assets.xcassets */; };
		AC6497661C4C465400B9682B /* LaunchScreen.storyboard in Resources */ = {isa = PBXBuildFile; fileRef = AC6497641C4C465400B9682B /* LaunchScreen.storyboard */; };
		AC6497701C4C46A300B9682B /* ASStretchView.m in Sources */ = {isa = PBXBuildFile; fileRef = AC64976F1C4C46A300B9682B /* ASStretchView.m */; };
/* End PBXBuildFile section */

/* Begin PBXFileReference section */
		AC5B2CD61C4D22A300765FF8 /* KMCGeigerCounter.h */ = {isa = PBXFileReference; fileEncoding = 4; lastKnownFileType = sourcecode.c.h; path = KMCGeigerCounter.h; sourceTree = "<group>"; };
		AC5B2CD71C4D22A300765FF8 /* KMCGeigerCounter.m */ = {isa = PBXFileReference; fileEncoding = 4; lastKnownFileType = sourcecode.c.objc; path = KMCGeigerCounter.m; sourceTree = "<group>"; };
		AC5B2CD81C4D22A300765FF8 /* KMCGeigerCounterTick.aiff */ = {isa = PBXFileReference; lastKnownFileType = audio.aiff; path = KMCGeigerCounterTick.aiff; sourceTree = "<group>"; };
		AC6497581C4C465400B9682B /* StreatchView.app */ = {isa = PBXFileReference; explicitFileType = wrapper.application; includeInIndex = 0; path = StreatchView.app; sourceTree = BUILT_PRODUCTS_DIR; };
		AC64975B1C4C465400B9682B /* AppDelegate.swift */ = {isa = PBXFileReference; lastKnownFileType = sourcecode.swift; path = AppDelegate.swift; sourceTree = "<group>"; };
		AC64975D1C4C465400B9682B /* ViewController.swift */ = {isa = PBXFileReference; lastKnownFileType = sourcecode.swift; path = ViewController.swift; sourceTree = "<group>"; };
		AC6497601C4C465400B9682B /* Base */ = {isa = PBXFileReference; lastKnownFileType = file.storyboard; name = Base; path = Base.lproj/Main.storyboard; sourceTree = "<group>"; };
		AC6497621C4C465400B9682B /* Assets.xcassets */ = {isa = PBXFileReference; lastKnownFileType = folder.assetcatalog; path = Assets.xcassets; sourceTree = "<group>"; };
		AC6497651C4C465400B9682B /* Base */ = {isa = PBXFileReference; lastKnownFileType = file.storyboard; name = Base; path = Base.lproj/LaunchScreen.storyboard; sourceTree = "<group>"; };
		AC6497671C4C465400B9682B /* Info.plist */ = {isa = PBXFileReference; lastKnownFileType = text.plist.xml; path = Info.plist; sourceTree = "<group>"; };
		AC64976D1C4C46A200B9682B /* StreatchView-Bridging-Header.h */ = {isa = PBXFileReference; lastKnownFileType = sourcecode.c.h; path = "StreatchView-Bridging-Header.h"; sourceTree = "<group>"; };
		AC64976E1C4C46A300B9682B /* ASStretchView.h */ = {isa = PBXFileReference; fileEncoding = 4; lastKnownFileType = sourcecode.c.h; path = ASStretchView.h; sourceTree = "<group>"; };
		AC64976F1C4C46A300B9682B /* ASStretchView.m */ = {isa = PBXFileReference; fileEncoding = 4; lastKnownFileType = sourcecode.c.objc; path = ASStretchView.m; sourceTree = "<group>"; };
/* End PBXFileReference section */

/* Begin PBXFrameworksBuildPhase section */
		AC6497551C4C465400B9682B /* Frameworks */ = {
			isa = PBXFrameworksBuildPhase;
			buildActionMask = 2147483647;
			files = (
			);
			runOnlyForDeploymentPostprocessing = 0;
		};
/* End PBXFrameworksBuildPhase section */

/* Begin PBXGroup section */
		AC395DA81C4C4CB600E8E8D8 /* other files */ = {
			isa = PBXGroup;
			children = (
				AC6497621C4C465400B9682B /* Assets.xcassets */,
				AC6497641C4C465400B9682B /* LaunchScreen.storyboard */,
				AC6497671C4C465400B9682B /* Info.plist */,
			);
			name = "other files";
			sourceTree = "<group>";
		};
		AC5B2CD51C4D22A300765FF8 /* KMCGeigerCounter */ = {
			isa = PBXGroup;
			children = (
				AC5B2CD61C4D22A300765FF8 /* KMCGeigerCounter.h */,
				AC5B2CD71C4D22A300765FF8 /* KMCGeigerCounter.m */,
				AC5B2CD81C4D22A300765FF8 /* KMCGeigerCounterTick.aiff */,
			);
			path = KMCGeigerCounter;
			sourceTree = "<group>";
		};
		AC64974F1C4C465400B9682B = {
			isa = PBXGroup;
			children = (
				AC64975A1C4C465400B9682B /* StreatchView */,
				AC6497591C4C465400B9682B /* Products */,
			);
			sourceTree = "<group>";
		};
		AC6497591C4C465400B9682B /* Products */ = {
			isa = PBXGroup;
			children = (
				AC6497581C4C465400B9682B /* StreatchView.app */,
			);
			name = Products;
			sourceTree = "<group>";
		};
		AC64975A1C4C465400B9682B /* StreatchView */ = {
			isa = PBXGroup;
			children = (
				AC5B2CD51C4D22A300765FF8 /* KMCGeigerCounter */,
				AC64975B1C4C465400B9682B /* AppDelegate.swift */,
				AC64975F1C4C465400B9682B /* Main.storyboard */,
				AC64975D1C4C465400B9682B /* ViewController.swift */,
				AC64976E1C4C46A300B9682B /* ASStretchView.h */,
				AC64976F1C4C46A300B9682B /* ASStretchView.m */,
				AC395DA81C4C4CB600E8E8D8 /* other files */,
				AC64976D1C4C46A200B9682B /* StreatchView-Bridging-Header.h */,
			);
			path = StreatchView;
			sourceTree = "<group>";
		};
/* End PBXGroup section */

/* Begin PBXNativeTarget section */
		AC6497571C4C465400B9682B /* StreatchView */ = {
			isa = PBXNativeTarget;
			buildConfigurationList = AC64976A1C4C465400B9682B /* Build configuration list for PBXNativeTarget "StreatchView" */;
			buildPhases = (
				AC6497541C4C465400B9682B /* Sources */,
				AC6497551C4C465400B9682B /* Frameworks */,
				AC6497561C4C465400B9682B /* Resources */,
			);
			buildRules = (
			);
			dependencies = (
			);
			name = StreatchView;
			productName = StreatchView;
			productReference = AC6497581C4C465400B9682B /* StreatchView.app */;
			productType = "com.apple.product-type.application";
		};
/* End PBXNativeTarget section */

/* Begin PBXProject section */
		AC6497501C4C465400B9682B /* Project object */ = {
			isa = PBXProject;
			attributes = {
				LastSwiftUpdateCheck = 0730;
				LastUpgradeCheck = 0730;
				ORGANIZATIONNAME = "Artem Sherbachuk";
				TargetAttributes = {
					AC6497571C4C465400B9682B = {
						CreatedOnToolsVersion = 7.3;
						DevelopmentTeam = F239PGHZ78;
					};
				};
			};
			buildConfigurationList = AC6497531C4C465400B9682B /* Build configuration list for PBXProject "StreatchView" */;
			compatibilityVersion = "Xcode 3.2";
			developmentRegion = English;
			hasScannedForEncodings = 0;
			knownRegions = (
				en,
				Base,
			);
			mainGroup = AC64974F1C4C465400B9682B;
			productRefGroup = AC6497591C4C465400B9682B /* Products */;
			projectDirPath = "";
			projectRoot = "";
			targets = (
				AC6497571C4C465400B9682B /* StreatchView */,
			);
		};
/* End PBXProject section */

/* Begin PBXResourcesBuildPhase section */
		AC6497561C4C465400B9682B /* Resources */ = {
			isa = PBXResourcesBuildPhase;
			buildActionMask = 2147483647;
			files = (
				AC6497661C4C465400B9682B /* LaunchScreen.storyboard in Resources */,
				AC6497631C4C465400B9682B /* Assets.xcassets in Resources */,
				AC5B2CDA1C4D22A300765FF8 /* KMCGeigerCounterTick.aiff in Resources */,
				AC6497611C4C465400B9682B /* Main.storyboard in Resources */,
			);
			runOnlyForDeploymentPostprocessing = 0;
		};
/* End PBXResourcesBuildPhase section */

/* Begin PBXSourcesBuildPhase section */
		AC6497541C4C465400B9682B /* Sources */ = {
			isa = PBXSourcesBuildPhase;
			buildActionMask = 2147483647;
			files = (
				AC6497701C4C46A300B9682B /* ASStretchView.m in Sources */,
				AC64975E1C4C465400B9682B /* ViewController.swift in Sources */,
				AC64975C1C4C465400B9682B /* AppDelegate.swift in Sources */,
				AC5B2CD91C4D22A300765FF8 /* KMCGeigerCounter.m in Sources */,
			);
			runOnlyForDeploymentPostprocessing = 0;
		};
/* End PBXSourcesBuildPhase section */

/* Begin PBXVariantGroup section */
		AC64975F1C4C465400B9682B /* Main.storyboard */ = {
			isa = PBXVariantGroup;
			children = (
				AC6497601C4C465400B9682B /* Base */,
			);
			name = Main.storyboard;
			sourceTree = "<group>";
		};
		AC6497641C4C465400B9682B /* LaunchScreen.storyboard */ = {
			isa = PBXVariantGroup;
			children = (
				AC6497651C4C465400B9682B /* Base */,
			);
			name = LaunchScreen.storyboard;
			sourceTree = "<group>";
		};
/* End PBXVariantGroup section */

/* Begin XCBuildConfiguration section */
		AC6497681C4C465400B9682B /* Debug */ = {
			isa = XCBuildConfiguration;
			buildSettings = {
				ALWAYS_SEARCH_USER_PATHS = NO;
				CLANG_CXX_LANGUAGE_STANDARD = "gnu++0x";
				CLANG_CXX_LIBRARY = "libc++";
				CLANG_ENABLE_MODULES = YES;
				CLANG_ENABLE_OBJC_ARC = YES;
				CLANG_WARN_BOOL_CONVERSION = YES;
				CLANG_WARN_CONSTANT_CONVERSION = YES;
				CLANG_WARN_DIRECT_OBJC_ISA_USAGE = YES_ERROR;
				CLANG_WARN_EMPTY_BODY = YES;
				CLANG_WARN_ENUM_CONVERSION = YES;
				CLANG_WARN_INT_CONVERSION = YES;
				CLANG_WARN_OBJC_ROOT_CLASS = YES_ERROR;
				CLANG_WARN_UNREACHABLE_CODE = YES;
				CLANG_WARN__DUPLICATE_METHOD_MATCH = YES;
				"CODE_SIGN_IDENTITY[sdk=iphoneos*]" = "iPhone Developer";
				COPY_PHASE_STRIP = NO;
				DEBUG_INFORMATION_FORMAT = dwarf;
				ENABLE_STRICT_OBJC_MSGSEND = YES;
				ENABLE_TESTABILITY = YES;
				GCC_C_LANGUAGE_STANDARD = gnu99;
				GCC_DYNAMIC_NO_PIC = NO;
				GCC_NO_COMMON_BLOCKS = YES;
				GCC_OPTIMIZATION_LEVEL = 0;
				GCC_PREPROCESSOR_DEFINITIONS = (
					"DEBUG=1",
					"$(inherited)",
				);
				GCC_WARN_64_TO_32_BIT_CONVERSION = YES;
				GCC_WARN_ABOUT_RETURN_TYPE = YES_ERROR;
				GCC_WARN_UNDECLARED_SELECTOR = YES;
				GCC_WARN_UNINITIALIZED_AUTOS = YES_AGGRESSIVE;
				GCC_WARN_UNUSED_FUNCTION = YES;
				GCC_WARN_UNUSED_VARIABLE = YES;
				IPHONEOS_DEPLOYMENT_TARGET = 9.3;
				MTL_ENABLE_DEBUG_INFO = YES;
				ONLY_ACTIVE_ARCH = YES;
				SDKROOT = iphoneos;
				SWIFT_OPTIMIZATION_LEVEL = "-Onone";
				TARGETED_DEVICE_FAMILY = "1,2";
			};
			name = Debug;
		};
		AC6497691C4C465400B9682B /* Release */ = {
			isa = XCBuildConfiguration;
			buildSettings = {
				ALWAYS_SEARCH_USER_PATHS = NO;
				CLANG_CXX_LANGUAGE_STANDARD = "gnu++0x";
				CLANG_CXX_LIBRARY = "libc++";
				CLANG_ENABLE_MODULES = YES;
				CLANG_ENABLE_OBJC_ARC = YES;
				CLANG_WARN_BOOL_CONVERSION = YES;
				CLANG_WARN_CONSTANT_CONVERSION = YES;
				CLANG_WARN_DIRECT_OBJC_ISA_USAGE = YES_ERROR;
				CLANG_WARN_EMPTY_BODY = YES;
				CLANG_WARN_ENUM_CONVERSION = YES;
				CLANG_WARN_INT_CONVERSION = YES;
				CLANG_WARN_OBJC_ROOT_CLASS = YES_ERROR;
				CLANG_WARN_UNREACHABLE_CODE = YES;
				CLANG_WARN__DUPLICATE_METHOD_MATCH = YES;
				"CODE_SIGN_IDENTITY[sdk=iphoneos*]" = "iPhone Developer";
				COPY_PHASE_STRIP = NO;
				DEBUG_INFORMATION_FORMAT = "dwarf-with-dsym";
				ENABLE_NS_ASSERTIONS = NO;
				ENABLE_STRICT_OBJC_MSGSEND = YES;
				GCC_C_LANGUAGE_STANDARD = gnu99;
				GCC_NO_COMMON_BLOCKS = YES;
				GCC_WARN_64_TO_32_BIT_CONVERSION = YES;
				GCC_WARN_ABOUT_RETURN_TYPE = YES_ERROR;
				GCC_WARN_UNDECLARED_SELECTOR = YES;
				GCC_WARN_UNINITIALIZED_AUTOS = YES_AGGRESSIVE;
				GCC_WARN_UNUSED_FUNCTION = YES;
				GCC_WARN_UNUSED_VARIABLE = YES;
				IPHONEOS_DEPLOYMENT_TARGET = 9.3;
				MTL_ENABLE_DEBUG_INFO = NO;
				SDKROOT = iphoneos;
				TARGETED_DEVICE_FAMILY = "1,2";
				VALIDATE_PRODUCT = YES;
			};
			name = Release;
		};
		AC64976B1C4C465400B9682B /* Debug */ = {
			isa = XCBuildConfiguration;
			buildSettings = {
				ASSETCATALOG_COMPILER_APPICON_NAME = AppIcon;
				CLANG_ENABLE_MODULES = YES;
				INFOPLIST_FILE = StreatchView/Info.plist;
				IPHONEOS_DEPLOYMENT_TARGET = 8.0;
				LD_RUNPATH_SEARCH_PATHS = "$(inherited) @executable_path/Frameworks";
				PRODUCT_BUNDLE_IDENTIFIER = com.artemsherbachuk;
				PRODUCT_NAME = "$(TARGET_NAME)";
				SWIFT_OBJC_BRIDGING_HEADER = "StreatchView/StreatchView-Bridging-Header.h";
				SWIFT_OPTIMIZATION_LEVEL = "-Onone";
			};
			name = Debug;
		};
		AC64976C1C4C465400B9682B /* Release */ = {
			isa = XCBuildConfiguration;
			buildSettings = {
				ASSETCATALOG_COMPILER_APPICON_NAME = AppIcon;
				CLANG_ENABLE_MODULES = YES;
				INFOPLIST_FILE = StreatchView/Info.plist;
				IPHONEOS_DEPLOYMENT_TARGET = 8.0;
				LD_RUNPATH_SEARCH_PATHS = "$(inherited) @executable_path/Frameworks";
				PRODUCT_BUNDLE_IDENTIFIER = com.artemsherbachuk;
				PRODUCT_NAME = "$(TARGET_NAME)";
				SWIFT_OBJC_BRIDGING_HEADER = "StreatchView/StreatchView-Bridging-Header.h";
			};
			name = Release;
		};
/* End XCBuildConfiguration section */

/* Begin XCConfigurationList section */
		AC6497531C4C465400B9682B /* Build configuration list for PBXProject "StreatchView" */ = {
			isa = XCConfigurationList;
			buildConfigurations = (
				AC6497681C4C465400B9682B /* Debug */,
				AC6497691C4C465400B9682B /* Release */,
			);
			defaultConfigurationIsVisible = 0;
			defaultConfigurationName = Release;
		};
		AC64976A1C4C465400B9682B /* Build configuration list for PBXNativeTarget "StreatchView" */ = {
			isa = XCConfigurationList;
			buildConfigurations = (
				AC64976B1C4C465400B9682B /* Debug */,
				AC64976C1C4C465400B9682B /* Release */,
			);
			defaultConfigurationIsVisible = 0;
			defaultConfigurationName = Release;
		};
/* End XCConfigurationList section */
	};
	rootObject = AC6497501C4C465400B9682B /* Project object */;
}
